
Microsoft Visual Studio Solution File, Format Version 12.00
# Visual Studio Version 17
VisualStudioVersion = 17.0.31903.59
MinimumVisualStudioVersion = 10.0.40219.1
Project("{2150E333-8FDC-42A3-9474-1A3956D46DE8}") = "src", "src", "{61E3661D-F7F1-41CC-AB72-D0B212F33688}"
EndProject
Project("{2150E333-8FDC-42A3-9474-1A3956D46DE8}") = "Modules", "Modules", "{C17772C3-4F2D-442A-BD3B-07A80FF8EF63}"
EndProject
Project("{2150E333-8FDC-42A3-9474-1A3956D46DE8}") = "Identities", "Identities", "{32E1B6BD-15FD-4C63-B276-D532871981D8}"
EndProject
Project("{FAE04EC0-301F-11D3-BF4B-00C04F79EFBC}") = "Modules.Identities", "Modules.Identities\Modules.Identities.csproj", "{375B873B-EB57-48A8-9F88-C178D356A37D}"
EndProject
Project("{2150E333-8FDC-42A3-9474-1A3956D46DE8}") = "Shared", "Shared", "{7BB5F2C7-CE95-4F42-AD74-743E656B30BC}"
EndProject
Project("{FAE04EC0-301F-11D3-BF4B-00C04F79EFBC}") = "Shared.Infrastructure", "Shared.Infrastructure\Shared.Infrastructure.csproj", "{430BA741-DCB2-45E1-9F67-7BCDD376F5CA}"
EndProject
Project("{FAE04EC0-301F-11D3-BF4B-00C04F79EFBC}") = "Shared.Dispatcher", "Shared.Dispatcher\Shared.Dispatcher.csproj", "{9B72DD67-7B74-4D8A-8488-9A47FCA3DBA2}"
EndProject
Project("{2150E333-8FDC-42A3-9474-1A3956D46DE8}") = "Api", "Api", "{223DD1AF-4CB0-4847-8A5B-336A27D54ADD}"
EndProject
Project("{FAE04EC0-301F-11D3-BF4B-00C04F79EFBC}") = "Host", "Host\Host.csproj", "{B73A4A94-94F9-461C-8118-8FAB2D74863C}"
EndProject
Project("{FAE04EC0-301F-11D3-BF4B-00C04F79EFBC}") = "Modules.Identities.Core", "Modules.Identities.Core\Modules.Identities.Core.csproj", "{7A10CE16-0541-4FB4-AC69-A1B0D590907F}"
EndProject
Project("{FAE04EC0-301F-11D3-BF4B-00C04F79EFBC}") = "Modules.Identities.Infrastructure", "Modules.Identities.Infrastructure\Modules.Identities.Infrastructure.csproj", "{F25B4D73-CBDE-45EE-AC31-EFCD4C2D1112}"
EndProject
Project("{FAE04EC0-301F-11D3-BF4B-00C04F79EFBC}") = "Shared.Core", "Shared.Core\Shared.Core.csproj", "{D374A0C3-D9E3-4ABC-BAC7-59CC8676A2B3}"
EndProject
Global
	GlobalSection(SolutionConfigurationPlatforms) = preSolution
		Debug|Any CPU = Debug|Any CPU
		Release|Any CPU = Release|Any CPU
	EndGlobalSection
	GlobalSection(SolutionProperties) = preSolution
		HideSolutionNode = FALSE
	EndGlobalSection
	GlobalSection(NestedProjects) = preSolution
		{C17772C3-4F2D-442A-BD3B-07A80FF8EF63} = {61E3661D-F7F1-41CC-AB72-D0B212F33688}
		{32E1B6BD-15FD-4C63-B276-D532871981D8} = {C17772C3-4F2D-442A-BD3B-07A80FF8EF63}
		{375B873B-EB57-48A8-9F88-C178D356A37D} = {32E1B6BD-15FD-4C63-B276-D532871981D8}
		{7BB5F2C7-CE95-4F42-AD74-743E656B30BC} = {61E3661D-F7F1-41CC-AB72-D0B212F33688}
		{430BA741-DCB2-45E1-9F67-7BCDD376F5CA} = {7BB5F2C7-CE95-4F42-AD74-743E656B30BC}
		{9B72DD67-7B74-4D8A-8488-9A47FCA3DBA2} = {7BB5F2C7-CE95-4F42-AD74-743E656B30BC}
		{223DD1AF-4CB0-4847-8A5B-336A27D54ADD} = {61E3661D-F7F1-41CC-AB72-D0B212F33688}
		{B73A4A94-94F9-461C-8118-8FAB2D74863C} = {223DD1AF-4CB0-4847-8A5B-336A27D54ADD}
		{7A10CE16-0541-4FB4-AC69-A1B0D590907F} = {32E1B6BD-15FD-4C63-B276-D532871981D8}
		{F25B4D73-CBDE-45EE-AC31-EFCD4C2D1112} = {32E1B6BD-15FD-4C63-B276-D532871981D8}
		{D374A0C3-D9E3-4ABC-BAC7-59CC8676A2B3} = {7BB5F2C7-CE95-4F42-AD74-743E656B30BC}
	EndGlobalSection
	GlobalSection(ProjectConfigurationPlatforms) = postSolution
		{375B873B-EB57-48A8-9F88-C178D356A37D}.Debug|Any CPU.ActiveCfg = Debug|Any CPU
		{375B873B-EB57-48A8-9F88-C178D356A37D}.Debug|Any CPU.Build.0 = Debug|Any CPU
		{375B873B-EB57-48A8-9F88-C178D356A37D}.Release|Any CPU.ActiveCfg = Release|Any CPU
		{375B873B-EB57-48A8-9F88-C178D356A37D}.Release|Any CPU.Build.0 = Release|Any CPU
		{430BA741-DCB2-45E1-9F67-7BCDD376F5CA}.Debug|Any CPU.ActiveCfg = Debug|Any CPU
		{430BA741-DCB2-45E1-9F67-7BCDD376F5CA}.Debug|Any CPU.Build.0 = Debug|Any CPU
		{430BA741-DCB2-45E1-9F67-7BCDD376F5CA}.Release|Any CPU.ActiveCfg = Release|Any CPU
		{430BA741-DCB2-45E1-9F67-7BCDD376F5CA}.Release|Any CPU.Build.0 = Release|Any CPU
		{9B72DD67-7B74-4D8A-8488-9A47FCA3DBA2}.Debug|Any CPU.ActiveCfg = Debug|Any CPU
		{9B72DD67-7B74-4D8A-8488-9A47FCA3DBA2}.Debug|Any CPU.Build.0 = Debug|Any CPU
		{9B72DD67-7B74-4D8A-8488-9A47FCA3DBA2}.Release|Any CPU.ActiveCfg = Release|Any CPU
		{9B72DD67-7B74-4D8A-8488-9A47FCA3DBA2}.Release|Any CPU.Build.0 = Release|Any CPU
		{B73A4A94-94F9-461C-8118-8FAB2D74863C}.Debug|Any CPU.ActiveCfg = Debug|Any CPU
		{B73A4A94-94F9-461C-8118-8FAB2D74863C}.Debug|Any CPU.Build.0 = Debug|Any CPU
		{B73A4A94-94F9-461C-8118-8FAB2D74863C}.Release|Any CPU.ActiveCfg = Release|Any CPU
		{B73A4A94-94F9-461C-8118-8FAB2D74863C}.Release|Any CPU.Build.0 = Release|Any CPU
		{7A10CE16-0541-4FB4-AC69-A1B0D590907F}.Debug|Any CPU.ActiveCfg = Debug|Any CPU
		{7A10CE16-0541-4FB4-AC69-A1B0D590907F}.Debug|Any CPU.Build.0 = Debug|Any CPU
		{7A10CE16-0541-4FB4-AC69-A1B0D590907F}.Release|Any CPU.ActiveCfg = Release|Any CPU
		{7A10CE16-0541-4FB4-AC69-A1B0D590907F}.Release|Any CPU.Build.0 = Release|Any CPU
		{F25B4D73-CBDE-45EE-AC31-EFCD4C2D1112}.Debug|Any CPU.ActiveCfg = Debug|Any CPU
		{F25B4D73-CBDE-45EE-AC31-EFCD4C2D1112}.Debug|Any CPU.Build.0 = Debug|Any CPU
		{F25B4D73-CBDE-45EE-AC31-EFCD4C2D1112}.Release|Any CPU.ActiveCfg = Release|Any CPU
		{F25B4D73-CBDE-45EE-AC31-EFCD4C2D1112}.Release|Any CPU.Build.0 = Release|Any CPU
		{D374A0C3-D9E3-4ABC-BAC7-59CC8676A2B3}.Debug|Any CPU.ActiveCfg = Debug|Any CPU
		{D374A0C3-D9E3-4ABC-BAC7-59CC8676A2B3}.Debug|Any CPU.Build.0 = Debug|Any CPU
		{D374A0C3-D9E3-4ABC-BAC7-59CC8676A2B3}.Release|Any CPU.ActiveCfg = Release|Any CPU
		{D374A0C3-D9E3-4ABC-BAC7-59CC8676A2B3}.Release|Any CPU.Build.0 = Release|Any CPU
	EndGlobalSection
EndGlobal
