Microsoft Visual Studio Solution File, Format Version 12.00
# Visual Studio Version 17
VisualStudioVersion = 17.0.31903.59
MinimumVisualStudioVersion = 10.0.40219.1
Project("{2150E333-8FDC-42A3-9474-1A3956D46DE8}") = "src", "src", "{61E3661D-F7F1-41CC-AB72-D0B212F33688}"
EndProject

Project("{2150E333-8FDC-42A3-9474-1A3956D46DE8}") = "test", "test", "{6331DA36-F5AD-460C-973F-FFB7C40E5209}"
EndProject
Project("{FAE04EC0-301F-11D3-BF4B-00C04F79EFBC}") = "UnitTests", "UnitTests\UnitTests.csproj", "{5DAA4CFE-7597-4BC7-8FFA-0358F54C1C54}"
EndProject
Project("{2150E333-8FDC-42A3-9474-1A3956D46DE8}") = "SolutionItems", "SolutionItems", "{45784E6E-40DA-4620-9306-09623630DEF1}"
	ProjectSection(SolutionItems) = preProject
		docker-compose.yml = docker-compose.yml
	EndProjectSection
EndProject
Project("{2150E333-8FDC-42A3-9474-1A3956D46DE8}") = "Apis", "Apis", "{4EC62669-FE6D-4F1E-9C2D-91B440CF1C28}"
EndProject
Project("{FAE04EC0-301F-11D3-BF4B-00C04F79EFBC}") = "Host", "Host\Host.csproj", "{B31184C9-643F-420A-AABB-DAEB45376E53}"
EndProject
Project("{2150E333-8FDC-42A3-9474-1A3956D46DE8}") = "Modules", "Modules", "{C83ABB5E-5563-4D2F-9E93-5A6B8E0295B4}"
EndProject
Project("{2150E333-8FDC-42A3-9474-1A3956D46DE8}") = "Shared", "Shared", "{2CD8C4F8-950A-46CD-ADDB-5B7C5F071C42}"
EndProject
Project("{2150E333-8FDC-42A3-9474-1A3956D46DE8}") = "Identities", "Identities", "{5222ED6E-6B43-4D93-92F2-3BF06949B600}"
EndProject
Project("{FAE04EC0-301F-11D3-BF4B-00C04F79EFBC}") = "Modules.Identities.Infrastructure", "Modules.Identities.Infrastructure\Modules.Identities.Infrastructure.csproj", "{7D851589-2423-4133-A57A-F44B8F10F5A4}"
EndProject
Project("{FAE04EC0-301F-11D3-BF4B-00C04F79EFBC}") = "Modules.Identities.Core", "Modules.Identities.Core\Modules.Identities.Core.csproj", "{F0A2ABF3-C435-432E-A2E6-93CD68F1C229}"
EndProject
Project("{FAE04EC0-301F-11D3-BF4B-00C04F79EFBC}") = "Modules.Identities", "Modules.Identities\Modules.Identities.csproj", "{7BF5DC33-1050-4AA9-95B8-5D6B967378D1}"
EndProject
Project("{FAE04EC0-301F-11D3-BF4B-00C04F79EFBC}") = "Shared.Dispatcher", "Shared.Dispatcher\Shared.Dispatcher.csproj", "{F5CE65A9-0878-4609-8F95-0C4925843BF8}"
EndProject
Project("{FAE04EC0-301F-11D3-BF4B-00C04F79EFBC}") = "Shared.Infrastructure", "Shared.Infrastructure\Shared.Infrastructure.csproj", "{98D2D676-F0B0-495A-9F7E-3654D7D12BD6}"
EndProject
Project("{FAE04EC0-301F-11D3-BF4B-00C04F79EFBC}") = "Shared.Core", "Shared.Core\Shared.Core.csproj", "{F9A8CAA0-4D41-461E-A6C6-3FF45268E85C}"
EndProject

Global
	GlobalSection(SolutionConfigurationPlatforms) = preSolution
		Debug|Any CPU = Debug|Any CPU
		Release|Any CPU = Release|Any CPU
	EndGlobalSection
	GlobalSection(SolutionProperties) = preSolution
		HideSolutionNode = FALSE
	EndGlobalSection
	GlobalSection(NestedProjects) = preSolution
		{7F154B79-B6CF-4DB9-9D52-2E4B309615E5} = {61E3661D-F7F1-41CC-AB72-D0B212F33688}
		{5DAA4CFE-7597-4BC7-8FFA-0358F54C1C54} = {6331DA36-F5AD-460C-973F-FFB7C40E5209}
		{4EC62669-FE6D-4F1E-9C2D-91B440CF1C28} = {61E3661D-F7F1-41CC-AB72-D0B212F33688}
		{B31184C9-643F-420A-AABB-DAEB45376E53} = {4EC62669-FE6D-4F1E-9C2D-91B440CF1C28}
		{C83ABB5E-5563-4D2F-9E93-5A6B8E0295B4} = {61E3661D-F7F1-41CC-AB72-D0B212F33688}
		{2CD8C4F8-950A-46CD-ADDB-5B7C5F071C42} = {61E3661D-F7F1-41CC-AB72-D0B212F33688}
		{5222ED6E-6B43-4D93-92F2-3BF06949B600} = {C83ABB5E-5563-4D2F-9E93-5A6B8E0295B4}
		{7D851589-2423-4133-A57A-F44B8F10F5A4} = {5222ED6E-6B43-4D93-92F2-3BF06949B600}
		{F0A2ABF3-C435-432E-A2E6-93CD68F1C229} = {5222ED6E-6B43-4D93-92F2-3BF06949B600}
		{7BF5DC33-1050-4AA9-95B8-5D6B967378D1} = {5222ED6E-6B43-4D93-92F2-3BF06949B600}
		{F5CE65A9-0878-4609-8F95-0C4925843BF8} = {2CD8C4F8-950A-46CD-ADDB-5B7C5F071C42}
		{98D2D676-F0B0-495A-9F7E-3654D7D12BD6} = {2CD8C4F8-950A-46CD-ADDB-5B7C5F071C42}
		{F9A8CAA0-4D41-461E-A6C6-3FF45268E85C} = {2CD8C4F8-950A-46CD-ADDB-5B7C5F071C42}
	EndGlobalSection
	GlobalSection(ProjectConfigurationPlatforms) = postSolution
		{7F154B79-B6CF-4DB9-9D52-2E4B309615E5}.Debug|Any CPU.ActiveCfg = Debug|Any CPU
		{7F154B79-B6CF-4DB9-9D52-2E4B309615E5}.Debug|Any CPU.Build.0 = Debug|Any CPU
		{7F154B79-B6CF-4DB9-9D52-2E4B309615E5}.Release|Any CPU.ActiveCfg = Release|Any CPU
		{7F154B79-B6CF-4DB9-9D52-2E4B309615E5}.Release|Any CPU.Build.0 = Release|Any CPU
		{5DAA4CFE-7597-4BC7-8FFA-0358F54C1C54}.Debug|Any CPU.ActiveCfg = Debug|Any CPU
		{5DAA4CFE-7597-4BC7-8FFA-0358F54C1C54}.Debug|Any CPU.Build.0 = Debug|Any CPU
		{5DAA4CFE-7597-4BC7-8FFA-0358F54C1C54}.Release|Any CPU.ActiveCfg = Release|Any CPU
		{5DAA4CFE-7597-4BC7-8FFA-0358F54C1C54}.Release|Any CPU.Build.0 = Release|Any CPU
		{E40C9E19-7C4E-46A3-8A8B-0B9F74BAB040}.Debug|Any CPU.ActiveCfg = Debug|Any CPU
		{E40C9E19-7C4E-46A3-8A8B-0B9F74BAB040}.Debug|Any CPU.Build.0 = Debug|Any CPU
		{E40C9E19-7C4E-46A3-8A8B-0B9F74BAB040}.Release|Any CPU.ActiveCfg = Release|Any CPU
		{E40C9E19-7C4E-46A3-8A8B-0B9F74BAB040}.Release|Any CPU.Build.0 = Release|Any CPU
		{B31184C9-643F-420A-AABB-DAEB45376E53}.Debug|Any CPU.ActiveCfg = Debug|Any CPU
		{B31184C9-643F-420A-AABB-DAEB45376E53}.Debug|Any CPU.Build.0 = Debug|Any CPU
		{B31184C9-643F-420A-AABB-DAEB45376E53}.Release|Any CPU.ActiveCfg = Release|Any CPU
		{B31184C9-643F-420A-AABB-DAEB45376E53}.Release|Any CPU.Build.0 = Release|Any CPU
		{7D851589-2423-4133-A57A-F44B8F10F5A4}.Debug|Any CPU.ActiveCfg = Debug|Any CPU
		{7D851589-2423-4133-A57A-F44B8F10F5A4}.Debug|Any CPU.Build.0 = Debug|Any CPU
		{7D851589-2423-4133-A57A-F44B8F10F5A4}.Release|Any CPU.ActiveCfg = Release|Any CPU
		{7D851589-2423-4133-A57A-F44B8F10F5A4}.Release|Any CPU.Build.0 = Release|Any CPU
		{F0A2ABF3-C435-432E-A2E6-93CD68F1C229}.Debug|Any CPU.ActiveCfg = Debug|Any CPU
		{F0A2ABF3-C435-432E-A2E6-93CD68F1C229}.Debug|Any CPU.Build.0 = Debug|Any CPU
		{F0A2ABF3-C435-432E-A2E6-93CD68F1C229}.Release|Any CPU.ActiveCfg = Release|Any CPU
		{F0A2ABF3-C435-432E-A2E6-93CD68F1C229}.Release|Any CPU.Build.0 = Release|Any CPU
		{7BF5DC33-1050-4AA9-95B8-5D6B967378D1}.Debug|Any CPU.ActiveCfg = Debug|Any CPU
		{7BF5DC33-1050-4AA9-95B8-5D6B967378D1}.Debug|Any CPU.Build.0 = Debug|Any CPU
		{7BF5DC33-1050-4AA9-95B8-5D6B967378D1}.Release|Any CPU.ActiveCfg = Release|Any CPU
		{7BF5DC33-1050-4AA9-95B8-5D6B967378D1}.Release|Any CPU.Build.0 = Release|Any CPU
		{F5CE65A9-0878-4609-8F95-0C4925843BF8}.Debug|Any CPU.ActiveCfg = Debug|Any CPU
		{F5CE65A9-0878-4609-8F95-0C4925843BF8}.Debug|Any CPU.Build.0 = Debug|Any CPU
		{F5CE65A9-0878-4609-8F95-0C4925843BF8}.Release|Any CPU.ActiveCfg = Release|Any CPU
		{F5CE65A9-0878-4609-8F95-0C4925843BF8}.Release|Any CPU.Build.0 = Release|Any CPU
		{98D2D676-F0B0-495A-9F7E-3654D7D12BD6}.Debug|Any CPU.ActiveCfg = Debug|Any CPU
		{98D2D676-F0B0-495A-9F7E-3654D7D12BD6}.Debug|Any CPU.Build.0 = Debug|Any CPU
		{98D2D676-F0B0-495A-9F7E-3654D7D12BD6}.Release|Any CPU.ActiveCfg = Release|Any CPU
		{98D2D676-F0B0-495A-9F7E-3654D7D12BD6}.Release|Any CPU.Build.0 = Release|Any CPU
		{F9A8CAA0-4D41-461E-A6C6-3FF45268E85C}.Debug|Any CPU.ActiveCfg = Debug|Any CPU
		{F9A8CAA0-4D41-461E-A6C6-3FF45268E85C}.Debug|Any CPU.Build.0 = Debug|Any CPU
		{F9A8CAA0-4D41-461E-A6C6-3FF45268E85C}.Release|Any CPU.ActiveCfg = Release|Any CPU
		{F9A8CAA0-4D41-461E-A6C6-3FF45268E85C}.Release|Any CPU.Build.0 = Release|Any CPU
	EndGlobalSection
EndGlobal
