Microsoft Visual Studio Solution File, Format Version 12.00
# Visual Studio Version 17
VisualStudioVersion = 17.0.31903.59
MinimumVisualStudioVersion = 10.0.40219.1
Project("{2150E333-8FDC-42A3-9474-1A3956D46DE8}") = "src", "src", "{61E3661D-F7F1-41CC-AB72-D0B212F33688}"
EndProject

Project("{2150E333-8FDC-42A3-9474-1A3956D46DE8}") = "test", "test", "{6331DA36-F5AD-460C-973F-FFB7C40E5209}"
EndProject
Project("{FAE04EC0-301F-11D3-BF4B-00C04F79EFBC}") = "Host", "Host\Host.csproj", "{A082101F-4A62-472E-A041-282030530A29}"
EndProject
Project("{FAE04EC0-301F-11D3-BF4B-00C04F79EFBC}") = "Modules.Identities", "Modules.Identities\Modules.Identities.csproj", "{EACBD093-924F-4B1B-8FCC-9BD4C3274800}"
EndProject
Project("{FAE04EC0-301F-11D3-BF4B-00C04F79EFBC}") = "Modules.Identities.Infrastructure", "Modules.Identities.Infrastructure\Modules.Identities.Infrastructure.csproj", "{D54E2732-8EAB-42F0-A369-543B27408203}"
EndProject
Project("{FAE04EC0-301F-11D3-BF4B-00C04F79EFBC}") = "Shared.Core", "Shared.Core\Shared.Core.csproj", "{CD634DD7-078E-4FD7-9391-F01942CEB782}"
EndProject
Project("{FAE04EC0-301F-11D3-BF4B-00C04F79EFBC}") = "Shared.Dispatcher", "Shared.Dispatcher\Shared.Dispatcher.csproj", "{FECAF8A1-8546-4871-8425-522B41CCE85B}"
EndProject
Project("{FAE04EC0-301F-11D3-BF4B-00C04F79EFBC}") = "Shared.Infrastructure", "Shared.Infrastructure\Shared.Infrastructure.csproj", "{328EE3DF-2971-4C4B-BD60-ACECAB5F5007}"
EndProject
Project("{FAE04EC0-301F-11D3-BF4B-00C04F79EFBC}") = "UnitTests", "UnitTests\UnitTests.csproj", "{5DAA4CFE-7597-4BC7-8FFA-0358F54C1C54}"
EndProject
Project("{FAE04EC0-301F-11D3-BF4B-00C04F79EFBC}") = "Modules.Identities.Core", "Modules.Identities.Core\Modules.Identities.Core.csproj", "{F8D91117-8967-44A5-ADAA-AC04A86C34C8}"
EndProject

Global
	GlobalSection(SolutionConfigurationPlatforms) = preSolution
		Debug|Any CPU = Debug|Any CPU
		Release|Any CPU = Release|Any CPU
	EndGlobalSection
	GlobalSection(SolutionProperties) = preSolution
		HideSolutionNode = FALSE
	EndGlobalSection
	GlobalSection(NestedProjects) = preSolution
		{FECAF8A1-8546-4871-8425-522B41CCE85B} = {61E3661D-F7F1-41CC-AB72-D0B212F33688}
		{A082101F-4A62-472E-A041-282030530A29} = {61E3661D-F7F1-41CC-AB72-D0B212F33688}
		{EACBD093-924F-4B1B-8FCC-9BD4C3274800} = {61E3661D-F7F1-41CC-AB72-D0B212F33688}
		{D54E2732-8EAB-42F0-A369-543B27408203} = {61E3661D-F7F1-41CC-AB72-D0B212F33688}
		{CD634DD7-078E-4FD7-9391-F01942CEB782} = {61E3661D-F7F1-41CC-AB72-D0B212F33688}
		{7F154B79-B6CF-4DB9-9D52-2E4B309615E5} = {61E3661D-F7F1-41CC-AB72-D0B212F33688}
		{328EE3DF-2971-4C4B-BD60-ACECAB5F5007} = {61E3661D-F7F1-41CC-AB72-D0B212F33688}
		{5DAA4CFE-7597-4BC7-8FFA-0358F54C1C54} = {6331DA36-F5AD-460C-973F-FFB7C40E5209}
		{F8D91117-8967-44A5-ADAA-AC04A86C34C8} = {61E3661D-F7F1-41CC-AB72-D0B212F33688}
	EndGlobalSection
	GlobalSection(ProjectConfigurationPlatforms) = postSolution
		{FECAF8A1-8546-4871-8425-522B41CCE85B}.Debug|Any CPU.ActiveCfg = Debug|Any CPU
		{FECAF8A1-8546-4871-8425-522B41CCE85B}.Debug|Any CPU.Build.0 = Debug|Any CPU
		{FECAF8A1-8546-4871-8425-522B41CCE85B}.Release|Any CPU.ActiveCfg = Release|Any CPU
		{FECAF8A1-8546-4871-8425-522B41CCE85B}.Release|Any CPU.Build.0 = Release|Any CPU
		{A082101F-4A62-472E-A041-282030530A29}.Debug|Any CPU.ActiveCfg = Debug|Any CPU
		{A082101F-4A62-472E-A041-282030530A29}.Debug|Any CPU.Build.0 = Debug|Any CPU
		{A082101F-4A62-472E-A041-282030530A29}.Release|Any CPU.ActiveCfg = Release|Any CPU
		{A082101F-4A62-472E-A041-282030530A29}.Release|Any CPU.Build.0 = Release|Any CPU
		{EACBD093-924F-4B1B-8FCC-9BD4C3274800}.Debug|Any CPU.ActiveCfg = Debug|Any CPU
		{EACBD093-924F-4B1B-8FCC-9BD4C3274800}.Debug|Any CPU.Build.0 = Debug|Any CPU
		{EACBD093-924F-4B1B-8FCC-9BD4C3274800}.Release|Any CPU.ActiveCfg = Release|Any CPU
		{EACBD093-924F-4B1B-8FCC-9BD4C3274800}.Release|Any CPU.Build.0 = Release|Any CPU
		{D54E2732-8EAB-42F0-A369-543B27408203}.Debug|Any CPU.ActiveCfg = Debug|Any CPU
		{D54E2732-8EAB-42F0-A369-543B27408203}.Debug|Any CPU.Build.0 = Debug|Any CPU
		{D54E2732-8EAB-42F0-A369-543B27408203}.Release|Any CPU.ActiveCfg = Release|Any CPU
		{D54E2732-8EAB-42F0-A369-543B27408203}.Release|Any CPU.Build.0 = Release|Any CPU
		{CD634DD7-078E-4FD7-9391-F01942CEB782}.Debug|Any CPU.ActiveCfg = Debug|Any CPU
		{CD634DD7-078E-4FD7-9391-F01942CEB782}.Debug|Any CPU.Build.0 = Debug|Any CPU
		{CD634DD7-078E-4FD7-9391-F01942CEB782}.Release|Any CPU.ActiveCfg = Release|Any CPU
		{CD634DD7-078E-4FD7-9391-F01942CEB782}.Release|Any CPU.Build.0 = Release|Any CPU
		{7F154B79-B6CF-4DB9-9D52-2E4B309615E5}.Debug|Any CPU.ActiveCfg = Debug|Any CPU
		{7F154B79-B6CF-4DB9-9D52-2E4B309615E5}.Debug|Any CPU.Build.0 = Debug|Any CPU
		{7F154B79-B6CF-4DB9-9D52-2E4B309615E5}.Release|Any CPU.ActiveCfg = Release|Any CPU
		{7F154B79-B6CF-4DB9-9D52-2E4B309615E5}.Release|Any CPU.Build.0 = Release|Any CPU
		{328EE3DF-2971-4C4B-BD60-ACECAB5F5007}.Debug|Any CPU.ActiveCfg = Debug|Any CPU
		{328EE3DF-2971-4C4B-BD60-ACECAB5F5007}.Debug|Any CPU.Build.0 = Debug|Any CPU
		{328EE3DF-2971-4C4B-BD60-ACECAB5F5007}.Release|Any CPU.ActiveCfg = Release|Any CPU
		{328EE3DF-2971-4C4B-BD60-ACECAB5F5007}.Release|Any CPU.Build.0 = Release|Any CPU
		{5DAA4CFE-7597-4BC7-8FFA-0358F54C1C54}.Debug|Any CPU.ActiveCfg = Debug|Any CPU
		{5DAA4CFE-7597-4BC7-8FFA-0358F54C1C54}.Debug|Any CPU.Build.0 = Debug|Any CPU
		{5DAA4CFE-7597-4BC7-8FFA-0358F54C1C54}.Release|Any CPU.ActiveCfg = Release|Any CPU
		{5DAA4CFE-7597-4BC7-8FFA-0358F54C1C54}.Release|Any CPU.Build.0 = Release|Any CPU
		{E40C9E19-7C4E-46A3-8A8B-0B9F74BAB040}.Debug|Any CPU.ActiveCfg = Debug|Any CPU
		{E40C9E19-7C4E-46A3-8A8B-0B9F74BAB040}.Debug|Any CPU.Build.0 = Debug|Any CPU
		{E40C9E19-7C4E-46A3-8A8B-0B9F74BAB040}.Release|Any CPU.ActiveCfg = Release|Any CPU
		{E40C9E19-7C4E-46A3-8A8B-0B9F74BAB040}.Release|Any CPU.Build.0 = Release|Any CPU
		{F8D91117-8967-44A5-ADAA-AC04A86C34C8}.Debug|Any CPU.ActiveCfg = Debug|Any CPU
		{F8D91117-8967-44A5-ADAA-AC04A86C34C8}.Debug|Any CPU.Build.0 = Debug|Any CPU
		{F8D91117-8967-44A5-ADAA-AC04A86C34C8}.Release|Any CPU.ActiveCfg = Release|Any CPU
		{F8D91117-8967-44A5-ADAA-AC04A86C34C8}.Release|Any CPU.Build.0 = Release|Any CPU
	EndGlobalSection
EndGlobal
